
Microsoft Visual Studio Solution File, Format Version 12.00
# Visual Studio Version 17
VisualStudioVersion = 17.3.32819.101
MinimumVisualStudioVersion = 10.0.40219.1
Project("{FAE04EC0-301F-11D3-BF4B-00C04F79EFBC}") = "BrunoMaia-d7-avaliacao", "BrunoMaia-d7-avaliacao.csproj", "{1343A518-D65C-407B-BE81-14F96F6B8FF1}"
EndProject
Global
	GlobalSection(SolutionConfigurationPlatforms) = preSolution
		Debug|Any CPU = Debug|Any CPU
		Release|Any CPU = Release|Any CPU
	EndGlobalSection
	GlobalSection(ProjectConfigurationPlatforms) = postSolution
		{1343A518-D65C-407B-BE81-14F96F6B8FF1}.Debug|Any CPU.ActiveCfg = Debug|Any CPU
		{1343A518-D65C-407B-BE81-14F96F6B8FF1}.Debug|Any CPU.Build.0 = Debug|Any CPU
		{1343A518-D65C-407B-BE81-14F96F6B8FF1}.Release|Any CPU.ActiveCfg = Release|Any CPU
		{1343A518-D65C-407B-BE81-14F96F6B8FF1}.Release|Any CPU.Build.0 = Release|Any CPU
	EndGlobalSection
	GlobalSection(SolutionProperties) = preSolution
		HideSolutionNode = FALSE
	EndGlobalSection
	GlobalSection(ExtensibilityGlobals) = postSolution
		SolutionGuid = {8C7B6E7D-BAAB-4E97-BB19-1B4D9ED90786}
	EndGlobalSection
EndGlobal
